
Microsoft Visual Studio Solution File, Format Version 12.00
# Visual Studio Version 16
VisualStudioVersion = 16.0.30804.86
MinimumVisualStudioVersion = 10.0.40219.1
Project("{8BC9CEB8-8B4A-11D0-8D11-00A0C91BC942}") = "Coincidence-Counting", "Coincidence-Counting\Coincidence-Counting.vcxproj", "{700D4CB4-9B2B-4EA0-B0B3-BFBFB4593225}"
EndProject
Global
	GlobalSection(SolutionConfigurationPlatforms) = preSolution
		Debug|x64 = Debug|x64
		Debug|x86 = Debug|x86
		Release|x64 = Release|x64
		Release|x86 = Release|x86
	EndGlobalSection
	GlobalSection(ProjectConfigurationPlatforms) = postSolution
		{700D4CB4-9B2B-4EA0-B0B3-BFBFB4593225}.Debug|x64.ActiveCfg = Debug|x64
		{700D4CB4-9B2B-4EA0-B0B3-BFBFB4593225}.Debug|x64.Build.0 = Debug|x64
		{700D4CB4-9B2B-4EA0-B0B3-BFBFB4593225}.Debug|x86.ActiveCfg = Debug|Win32
		{700D4CB4-9B2B-4EA0-B0B3-BFBFB4593225}.Debug|x86.Build.0 = Debug|Win32
		{700D4CB4-9B2B-4EA0-B0B3-BFBFB4593225}.Release|x64.ActiveCfg = Release|x64
		{700D4CB4-9B2B-4EA0-B0B3-BFBFB4593225}.Release|x64.Build.0 = Release|x64
		{700D4CB4-9B2B-4EA0-B0B3-BFBFB4593225}.Release|x86.ActiveCfg = Release|Win32
		{700D4CB4-9B2B-4EA0-B0B3-BFBFB4593225}.Release|x86.Build.0 = Release|Win32
	EndGlobalSection
	GlobalSection(SolutionProperties) = preSolution
		HideSolutionNode = FALSE
	EndGlobalSection
	GlobalSection(ExtensibilityGlobals) = postSolution
		SolutionGuid = {4638545C-47EA-4ED9-B2A9-C90AABBDE141}
	EndGlobalSection
EndGlobal
